// !$*UTF8*$!
{
	archiveVersion = 1;
	classes = {
	};
	objectVersion = 56;
	objects = {

/* Begin PBXBuildFile section */
		4C1DEF422BCFCCB10036CC5D /* TabBar.m in Sources */ = {isa = PBXBuildFile; fileRef = 4C1DEF412BCFCCB10036CC5D /* TabBar.m */; };
		4C1DEF462BCFE2E70036CC5D /* Task.m in Sources */ = {isa = PBXBuildFile; fileRef = 4C1DEF452BCFE2E70036CC5D /* Task.m */; };
		4C1DEF4A2BCFE85F0036CC5D /* DetailsVC.m in Sources */ = {isa = PBXBuildFile; fileRef = 4C1DEF492BCFE85F0036CC5D /* DetailsVC.m */; };
		4C4CB6FB2BCFB0E50043CD47 /* AppDelegate.m in Sources */ = {isa = PBXBuildFile; fileRef = 4C4CB6FA2BCFB0E50043CD47 /* AppDelegate.m */; };
		4C4CB6FE2BCFB0E50043CD47 /* SceneDelegate.m in Sources */ = {isa = PBXBuildFile; fileRef = 4C4CB6FD2BCFB0E50043CD47 /* SceneDelegate.m */; };
		4C4CB7012BCFB0E50043CD47 /* ViewController.m in Sources */ = {isa = PBXBuildFile; fileRef = 4C4CB7002BCFB0E50043CD47 /* ViewController.m */; };
		4C4CB7042BCFB0E50043CD47 /* Base in Resources */ = {isa = PBXBuildFile; fileRef = 4C4CB7032BCFB0E50043CD47 /* Base */; };
		4C4CB7062BCFB0E90043CD47 /* Assets.xcassets in Resources */ = {isa = PBXBuildFile; fileRef = 4C4CB7052BCFB0E90043CD47 /* Assets.xcassets */; };
		4C4CB7092BCFB0E90043CD47 /* Base in Resources */ = {isa = PBXBuildFile; fileRef = 4C4CB7082BCFB0E90043CD47 /* Base */; };
		4C4CB70C2BCFB0E90043CD47 /* main.m in Sources */ = {isa = PBXBuildFile; fileRef = 4C4CB70B2BCFB0E90043CD47 /* main.m */; };
		4C4CB7202BCFB2F30043CD47 /* DoneVC.m in Sources */ = {isa = PBXBuildFile; fileRef = 4C4CB71F2BCFB2F30043CD47 /* DoneVC.m */; };
		4C4CB7232BCFB3030043CD47 /* ProgressVC.m in Sources */ = {isa = PBXBuildFile; fileRef = 4C4CB7222BCFB3030043CD47 /* ProgressVC.m */; };
		4C84C9CE2BDB8CBC0089F155 /* FLAnimatedImage in Frameworks */ = {isa = PBXBuildFile; productRef = 4C84C9CD2BDB8CBC0089F155 /* FLAnimatedImage */; };
/* End PBXBuildFile section */

/* Begin PBXFileReference section */
		4C1DEF402BCFCCB10036CC5D /* TabBar.h */ = {isa = PBXFileReference; lastKnownFileType = sourcecode.c.h; path = TabBar.h; sourceTree = "<group>"; };
		4C1DEF412BCFCCB10036CC5D /* TabBar.m */ = {isa = PBXFileReference; lastKnownFileType = sourcecode.c.objc; path = TabBar.m; sourceTree = "<group>"; };
		4C1DEF442BCFE2E70036CC5D /* Task.h */ = {isa = PBXFileReference; lastKnownFileType = sourcecode.c.h; path = Task.h; sourceTree = "<group>"; };
		4C1DEF452BCFE2E70036CC5D /* Task.m */ = {isa = PBXFileReference; lastKnownFileType = sourcecode.c.objc; path = Task.m; sourceTree = "<group>"; };
		4C1DEF482BCFE85F0036CC5D /* DetailsVC.h */ = {isa = PBXFileReference; lastKnownFileType = sourcecode.c.h; path = DetailsVC.h; sourceTree = "<group>"; };
		4C1DEF492BCFE85F0036CC5D /* DetailsVC.m */ = {isa = PBXFileReference; lastKnownFileType = sourcecode.c.objc; path = DetailsVC.m; sourceTree = "<group>"; };
		4C1DEF522BD08C350036CC5D /* TabBarDelegate.m */ = {isa = PBXFileReference; lastKnownFileType = sourcecode.c.objc; path = TabBarDelegate.m; sourceTree = "<group>"; };
		4C1DEF532BD08C860036CC5D /* TabBarDelegate.h */ = {isa = PBXFileReference; lastKnownFileType = sourcecode.c.h; name = TabBarDelegate.h; path = Task/TabBarDelegate.h; sourceTree = "<group>"; };
		4C4CB6F62BCFB0E50043CD47 /* TODO List App.app */ = {isa = PBXFileReference; explicitFileType = wrapper.application; includeInIndex = 0; path = "TODO List App.app"; sourceTree = BUILT_PRODUCTS_DIR; };
		4C4CB6F92BCFB0E50043CD47 /* AppDelegate.h */ = {isa = PBXFileReference; lastKnownFileType = sourcecode.c.h; path = AppDelegate.h; sourceTree = "<group>"; };
		4C4CB6FA2BCFB0E50043CD47 /* AppDelegate.m */ = {isa = PBXFileReference; lastKnownFileType = sourcecode.c.objc; path = AppDelegate.m; sourceTree = "<group>"; };
		4C4CB6FC2BCFB0E50043CD47 /* SceneDelegate.h */ = {isa = PBXFileReference; lastKnownFileType = sourcecode.c.h; path = SceneDelegate.h; sourceTree = "<group>"; };
		4C4CB6FD2BCFB0E50043CD47 /* SceneDelegate.m */ = {isa = PBXFileReference; lastKnownFileType = sourcecode.c.objc; path = SceneDelegate.m; sourceTree = "<group>"; };
		4C4CB6FF2BCFB0E50043CD47 /* ViewController.h */ = {isa = PBXFileReference; lastKnownFileType = sourcecode.c.h; path = ViewController.h; sourceTree = "<group>"; };
		4C4CB7002BCFB0E50043CD47 /* ViewController.m */ = {isa = PBXFileReference; lastKnownFileType = sourcecode.c.objc; path = ViewController.m; sourceTree = "<group>"; };
		4C4CB7032BCFB0E50043CD47 /* Base */ = {isa = PBXFileReference; lastKnownFileType = file.storyboard; name = Base; path = Base.lproj/Main.storyboard; sourceTree = "<group>"; };
		4C4CB7052BCFB0E90043CD47 /* Assets.xcassets */ = {isa = PBXFileReference; lastKnownFileType = folder.assetcatalog; path = Assets.xcassets; sourceTree = "<group>"; };
		4C4CB7082BCFB0E90043CD47 /* Base */ = {isa = PBXFileReference; lastKnownFileType = file.storyboard; name = Base; path = Base.lproj/LaunchScreen.storyboard; sourceTree = "<group>"; };
		4C4CB70A2BCFB0E90043CD47 /* Info.plist */ = {isa = PBXFileReference; lastKnownFileType = text.plist.xml; path = Info.plist; sourceTree = "<group>"; };
		4C4CB70B2BCFB0E90043CD47 /* main.m */ = {isa = PBXFileReference; lastKnownFileType = sourcecode.c.objc; path = main.m; sourceTree = "<group>"; };
		4C4CB71E2BCFB2F30043CD47 /* DoneVC.h */ = {isa = PBXFileReference; lastKnownFileType = sourcecode.c.h; path = DoneVC.h; sourceTree = "<group>"; };
		4C4CB71F2BCFB2F30043CD47 /* DoneVC.m */ = {isa = PBXFileReference; lastKnownFileType = sourcecode.c.objc; path = DoneVC.m; sourceTree = "<group>"; };
		4C4CB7212BCFB3030043CD47 /* ProgressVC.h */ = {isa = PBXFileReference; lastKnownFileType = sourcecode.c.h; path = ProgressVC.h; sourceTree = "<group>"; };
		4C4CB7222BCFB3030043CD47 /* ProgressVC.m */ = {isa = PBXFileReference; lastKnownFileType = sourcecode.c.objc; path = ProgressVC.m; sourceTree = "<group>"; };
/* End PBXFileReference section */

/* Begin PBXFrameworksBuildPhase section */
		4C4CB6F32BCFB0E50043CD47 /* Frameworks */ = {
			isa = PBXFrameworksBuildPhase;
			buildActionMask = 2147483647;
			files = (
				4C84C9CE2BDB8CBC0089F155 /* FLAnimatedImage in Frameworks */,
			);
			runOnlyForDeploymentPostprocessing = 0;
		};
/* End PBXFrameworksBuildPhase section */

/* Begin PBXGroup section */
		4C1DEF3F2BCFCC7B0036CC5D /* UITabBar */ = {
			isa = PBXGroup;
			children = (
				4C1DEF402BCFCCB10036CC5D /* TabBar.h */,
				4C1DEF412BCFCCB10036CC5D /* TabBar.m */,
			);
			path = UITabBar;
			sourceTree = "<group>";
		};
		4C1DEF472BCFE79C0036CC5D /* Details */ = {
			isa = PBXGroup;
			children = (
				4C1DEF482BCFE85F0036CC5D /* DetailsVC.h */,
				4C1DEF492BCFE85F0036CC5D /* DetailsVC.m */,
			);
			path = Details;
			sourceTree = "<group>";
		};
		4C1DEF4B2BD088CE0036CC5D /* Task */ = {
			isa = PBXGroup;
			children = (
				4C1DEF442BCFE2E70036CC5D /* Task.h */,
				4C1DEF452BCFE2E70036CC5D /* Task.m */,
			);
			path = Task;
			sourceTree = "<group>";
		};
		4C4CB6ED2BCFB0E50043CD47 = {
			isa = PBXGroup;
			children = (
				4C4CB6F82BCFB0E50043CD47 /* TODO List App */,
				4C4CB6F72BCFB0E50043CD47 /* Products */,
			);
			sourceTree = "<group>";
		};
		4C4CB6F72BCFB0E50043CD47 /* Products */ = {
			isa = PBXGroup;
			children = (
				4C4CB6F62BCFB0E50043CD47 /* TODO List App.app */,
			);
			name = Products;
			sourceTree = "<group>";
		};
		4C4CB6F82BCFB0E50043CD47 /* TODO List App */ = {
			isa = PBXGroup;
			children = (
				4C1DEF4B2BD088CE0036CC5D /* Task */,
				4C1DEF472BCFE79C0036CC5D /* Details */,
				4C1DEF3F2BCFCC7B0036CC5D /* UITabBar */,
				4C4CB7142BCFB2440043CD47 /* Done */,
				4C4CB7132BCFB22E0043CD47 /* Progress */,
				4C4CB7122BCFB2290043CD47 /* todo */,
				4C4CB6F92BCFB0E50043CD47 /* AppDelegate.h */,
				4C4CB6FA2BCFB0E50043CD47 /* AppDelegate.m */,
				4C4CB6FC2BCFB0E50043CD47 /* SceneDelegate.h */,
				4C4CB6FD2BCFB0E50043CD47 /* SceneDelegate.m */,
				4C4CB7022BCFB0E50043CD47 /* Main.storyboard */,
				4C4CB7052BCFB0E90043CD47 /* Assets.xcassets */,
				4C4CB7072BCFB0E90043CD47 /* LaunchScreen.storyboard */,
				4C4CB70A2BCFB0E90043CD47 /* Info.plist */,
				4C4CB70B2BCFB0E90043CD47 /* main.m */,
				4C1DEF532BD08C860036CC5D /* TabBarDelegate.h */,
				4C1DEF522BD08C350036CC5D /* TabBarDelegate.m */,
			);
			path = "TODO List App";
			sourceTree = "<group>";
		};
		4C4CB7122BCFB2290043CD47 /* todo */ = {
			isa = PBXGroup;
			children = (
				4C4CB6FF2BCFB0E50043CD47 /* ViewController.h */,
				4C4CB7002BCFB0E50043CD47 /* ViewController.m */,
			);
			path = todo;
			sourceTree = "<group>";
		};
		4C4CB7132BCFB22E0043CD47 /* Progress */ = {
			isa = PBXGroup;
			children = (
				4C4CB7212BCFB3030043CD47 /* ProgressVC.h */,
				4C4CB7222BCFB3030043CD47 /* ProgressVC.m */,
			);
			path = Progress;
			sourceTree = "<group>";
		};
		4C4CB7142BCFB2440043CD47 /* Done */ = {
			isa = PBXGroup;
			children = (
				4C4CB71E2BCFB2F30043CD47 /* DoneVC.h */,
				4C4CB71F2BCFB2F30043CD47 /* DoneVC.m */,
			);
			path = Done;
			sourceTree = "<group>";
		};
/* End PBXGroup section */

/* Begin PBXNativeTarget section */
		4C4CB6F52BCFB0E50043CD47 /* TODO List App */ = {
			isa = PBXNativeTarget;
			buildConfigurationList = 4C4CB70F2BCFB0E90043CD47 /* Build configuration list for PBXNativeTarget "TODO List App" */;
			buildPhases = (
				4C4CB6F22BCFB0E50043CD47 /* Sources */,
				4C4CB6F32BCFB0E50043CD47 /* Frameworks */,
				4C4CB6F42BCFB0E50043CD47 /* Resources */,
			);
			buildRules = (
			);
			dependencies = (
			);
			name = "TODO List App";
			packageProductDependencies = (
				4C84C9CD2BDB8CBC0089F155 /* FLAnimatedImage */,
			);
			productName = "TODO List App";
			productReference = 4C4CB6F62BCFB0E50043CD47 /* TODO List App.app */;
			productType = "com.apple.product-type.application";
		};
/* End PBXNativeTarget section */

/* Begin PBXProject section */
		4C4CB6EE2BCFB0E50043CD47 /* Project object */ = {
			isa = PBXProject;
			attributes = {
				BuildIndependentTargetsInParallel = 1;
				LastUpgradeCheck = 1530;
				TargetAttributes = {
					4C4CB6F52BCFB0E50043CD47 = {
						CreatedOnToolsVersion = 15.3;
					};
				};
			};
			buildConfigurationList = 4C4CB6F12BCFB0E50043CD47 /* Build configuration list for PBXProject "TODO List App" */;
			compatibilityVersion = "Xcode 14.0";
			developmentRegion = en;
			hasScannedForEncodings = 0;
			knownRegions = (
				en,
				Base,
			);
			mainGroup = 4C4CB6ED2BCFB0E50043CD47;
			packageReferences = (
				4C84C9CC2BDB8CBC0089F155 /* XCRemoteSwiftPackageReference "FLAnimatedImage" */,
			);
			productRefGroup = 4C4CB6F72BCFB0E50043CD47 /* Products */;
			projectDirPath = "";
			projectRoot = "";
			targets = (
				4C4CB6F52BCFB0E50043CD47 /* TODO List App */,
			);
		};
/* End PBXProject section */

/* Begin PBXResourcesBuildPhase section */
		4C4CB6F42BCFB0E50043CD47 /* Resources */ = {
			isa = PBXResourcesBuildPhase;
			buildActionMask = 2147483647;
			files = (
				4C4CB7062BCFB0E90043CD47 /* Assets.xcassets in Resources */,
				4C4CB7092BCFB0E90043CD47 /* Base in Resources */,
				4C4CB7042BCFB0E50043CD47 /* Base in Resources */,
			);
			runOnlyForDeploymentPostprocessing = 0;
		};
/* End PBXResourcesBuildPhase section */

/* Begin PBXSourcesBuildPhase section */
		4C4CB6F22BCFB0E50043CD47 /* Sources */ = {
			isa = PBXSourcesBuildPhase;
			buildActionMask = 2147483647;
			files = (
				4C1DEF4A2BCFE85F0036CC5D /* DetailsVC.m in Sources */,
				4C4CB7012BCFB0E50043CD47 /* ViewController.m in Sources */,
				4C4CB6FB2BCFB0E50043CD47 /* AppDelegate.m in Sources */,
				4C4CB70C2BCFB0E90043CD47 /* main.m in Sources */,
				4C4CB7202BCFB2F30043CD47 /* DoneVC.m in Sources */,
				4C1DEF462BCFE2E70036CC5D /* Task.m in Sources */,
				4C1DEF422BCFCCB10036CC5D /* TabBar.m in Sources */,
				4C4CB6FE2BCFB0E50043CD47 /* SceneDelegate.m in Sources */,
				4C4CB7232BCFB3030043CD47 /* ProgressVC.m in Sources */,
			);
			runOnlyForDeploymentPostprocessing = 0;
		};
/* End PBXSourcesBuildPhase section */

/* Begin PBXVariantGroup section */
		4C4CB7022BCFB0E50043CD47 /* Main.storyboard */ = {
			isa = PBXVariantGroup;
			children = (
				4C4CB7032BCFB0E50043CD47 /* Base */,
			);
			name = Main.storyboard;
			sourceTree = "<group>";
		};
		4C4CB7072BCFB0E90043CD47 /* LaunchScreen.storyboard */ = {
			isa = PBXVariantGroup;
			children = (
				4C4CB7082BCFB0E90043CD47 /* Base */,
			);
			name = LaunchScreen.storyboard;
			sourceTree = "<group>";
		};
/* End PBXVariantGroup section */

/* Begin XCBuildConfiguration section */
		4C4CB70D2BCFB0E90043CD47 /* Debug */ = {
			isa = XCBuildConfiguration;
			buildSettings = {
				ALWAYS_SEARCH_USER_PATHS = NO;
				ASSETCATALOG_COMPILER_GENERATE_SWIFT_ASSET_SYMBOL_EXTENSIONS = YES;
				CLANG_ANALYZER_NONNULL = YES;
				CLANG_ANALYZER_NUMBER_OBJECT_CONVERSION = YES_AGGRESSIVE;
				CLANG_CXX_LANGUAGE_STANDARD = "gnu++20";
				CLANG_ENABLE_MODULES = YES;
				CLANG_ENABLE_OBJC_ARC = YES;
				CLANG_ENABLE_OBJC_WEAK = YES;
				CLANG_WARN_BLOCK_CAPTURE_AUTORELEASING = YES;
				CLANG_WARN_BOOL_CONVERSION = YES;
				CLANG_WARN_COMMA = YES;
				CLANG_WARN_CONSTANT_CONVERSION = YES;
				CLANG_WARN_DEPRECATED_OBJC_IMPLEMENTATIONS = YES;
				CLANG_WARN_DIRECT_OBJC_ISA_USAGE = YES_ERROR;
				CLANG_WARN_DOCUMENTATION_COMMENTS = YES;
				CLANG_WARN_EMPTY_BODY = YES;
				CLANG_WARN_ENUM_CONVERSION = YES;
				CLANG_WARN_INFINITE_RECURSION = YES;
				CLANG_WARN_INT_CONVERSION = YES;
				CLANG_WARN_NON_LITERAL_NULL_CONVERSION = YES;
				CLANG_WARN_OBJC_IMPLICIT_RETAIN_SELF = YES;
				CLANG_WARN_OBJC_LITERAL_CONVERSION = YES;
				CLANG_WARN_OBJC_ROOT_CLASS = YES_ERROR;
				CLANG_WARN_QUOTED_INCLUDE_IN_FRAMEWORK_HEADER = YES;
				CLANG_WARN_RANGE_LOOP_ANALYSIS = YES;
				CLANG_WARN_STRICT_PROTOTYPES = YES;
				CLANG_WARN_SUSPICIOUS_MOVE = YES;
				CLANG_WARN_UNGUARDED_AVAILABILITY = YES_AGGRESSIVE;
				CLANG_WARN_UNREACHABLE_CODE = YES;
				CLANG_WARN__DUPLICATE_METHOD_MATCH = YES;
				COPY_PHASE_STRIP = NO;
				DEBUG_INFORMATION_FORMAT = dwarf;
				ENABLE_STRICT_OBJC_MSGSEND = YES;
				ENABLE_TESTABILITY = YES;
				ENABLE_USER_SCRIPT_SANDBOXING = YES;
				GCC_C_LANGUAGE_STANDARD = gnu17;
				GCC_DYNAMIC_NO_PIC = NO;
				GCC_NO_COMMON_BLOCKS = YES;
				GCC_OPTIMIZATION_LEVEL = 0;
				GCC_PREPROCESSOR_DEFINITIONS = (
					"DEBUG=1",
					"$(inherited)",
				);
				GCC_WARN_64_TO_32_BIT_CONVERSION = YES;
				GCC_WARN_ABOUT_RETURN_TYPE = YES_ERROR;
				GCC_WARN_UNDECLARED_SELECTOR = YES;
				GCC_WARN_UNINITIALIZED_AUTOS = YES_AGGRESSIVE;
				GCC_WARN_UNUSED_FUNCTION = YES;
				GCC_WARN_UNUSED_VARIABLE = YES;
				IPHONEOS_DEPLOYMENT_TARGET = 17.4;
				LOCALIZATION_PREFERS_STRING_CATALOGS = YES;
				MTL_ENABLE_DEBUG_INFO = INCLUDE_SOURCE;
				MTL_FAST_MATH = YES;
				ONLY_ACTIVE_ARCH = YES;
				SDKROOT = iphoneos;
			};
			name = Debug;
		};
		4C4CB70E2BCFB0E90043CD47 /* Release */ = {
			isa = XCBuildConfiguration;
			buildSettings = {
				ALWAYS_SEARCH_USER_PATHS = NO;
				ASSETCATALOG_COMPILER_GENERATE_SWIFT_ASSET_SYMBOL_EXTENSIONS = YES;
				CLANG_ANALYZER_NONNULL = YES;
				CLANG_ANALYZER_NUMBER_OBJECT_CONVERSION = YES_AGGRESSIVE;
				CLANG_CXX_LANGUAGE_STANDARD = "gnu++20";
				CLANG_ENABLE_MODULES = YES;
				CLANG_ENABLE_OBJC_ARC = YES;
				CLANG_ENABLE_OBJC_WEAK = YES;
				CLANG_WARN_BLOCK_CAPTURE_AUTORELEASING = YES;
				CLANG_WARN_BOOL_CONVERSION = YES;
				CLANG_WARN_COMMA = YES;
				CLANG_WARN_CONSTANT_CONVERSION = YES;
				CLANG_WARN_DEPRECATED_OBJC_IMPLEMENTATIONS = YES;
				CLANG_WARN_DIRECT_OBJC_ISA_USAGE = YES_ERROR;
				CLANG_WARN_DOCUMENTATION_COMMENTS = YES;
				CLANG_WARN_EMPTY_BODY = YES;
				CLANG_WARN_ENUM_CONVERSION = YES;
				CLANG_WARN_INFINITE_RECURSION = YES;
				CLANG_WARN_INT_CONVERSION = YES;
				CLANG_WARN_NON_LITERAL_NULL_CONVERSION = YES;
				CLANG_WARN_OBJC_IMPLICIT_RETAIN_SELF = YES;
				CLANG_WARN_OBJC_LITERAL_CONVERSION = YES;
				CLANG_WARN_OBJC_ROOT_CLASS = YES_ERROR;
				CLANG_WARN_QUOTED_INCLUDE_IN_FRAMEWORK_HEADER = YES;
				CLANG_WARN_RANGE_LOOP_ANALYSIS = YES;
				CLANG_WARN_STRICT_PROTOTYPES = YES;
				CLANG_WARN_SUSPICIOUS_MOVE = YES;
				CLANG_WARN_UNGUARDED_AVAILABILITY = YES_AGGRESSIVE;
				CLANG_WARN_UNREACHABLE_CODE = YES;
				CLANG_WARN__DUPLICATE_METHOD_MATCH = YES;
				COPY_PHASE_STRIP = NO;
				DEBUG_INFORMATION_FORMAT = "dwarf-with-dsym";
				ENABLE_NS_ASSERTIONS = NO;
				ENABLE_STRICT_OBJC_MSGSEND = YES;
				ENABLE_USER_SCRIPT_SANDBOXING = YES;
				GCC_C_LANGUAGE_STANDARD = gnu17;
				GCC_NO_COMMON_BLOCKS = YES;
				GCC_WARN_64_TO_32_BIT_CONVERSION = YES;
				GCC_WARN_ABOUT_RETURN_TYPE = YES_ERROR;
				GCC_WARN_UNDECLARED_SELECTOR = YES;
				GCC_WARN_UNINITIALIZED_AUTOS = YES_AGGRESSIVE;
				GCC_WARN_UNUSED_FUNCTION = YES;
				GCC_WARN_UNUSED_VARIABLE = YES;
				IPHONEOS_DEPLOYMENT_TARGET = 17.4;
				LOCALIZATION_PREFERS_STRING_CATALOGS = YES;
				MTL_ENABLE_DEBUG_INFO = NO;
				MTL_FAST_MATH = YES;
				SDKROOT = iphoneos;
				VALIDATE_PRODUCT = YES;
			};
			name = Release;
		};
		4C4CB7102BCFB0E90043CD47 /* Debug */ = {
			isa = XCBuildConfiguration;
			buildSettings = {
				ASSETCATALOG_COMPILER_APPICON_NAME = AppIcon;
				ASSETCATALOG_COMPILER_GLOBAL_ACCENT_COLOR_NAME = AccentColor;
				CODE_SIGN_STYLE = Automatic;
				CURRENT_PROJECT_VERSION = 1;
				DEVELOPMENT_TEAM = N449UXFHA8;
				GENERATE_INFOPLIST_FILE = YES;
				INFOPLIST_FILE = "TODO List App/Info.plist";
				INFOPLIST_KEY_UIApplicationSupportsIndirectInputEvents = YES;
				INFOPLIST_KEY_UILaunchStoryboardName = LaunchScreen;
				INFOPLIST_KEY_UIMainStoryboardFile = Main;
				INFOPLIST_KEY_UISupportedInterfaceOrientations_iPad = "UIInterfaceOrientationPortrait UIInterfaceOrientationPortraitUpsideDown UIInterfaceOrientationLandscapeLeft UIInterfaceOrientationLandscapeRight";
				INFOPLIST_KEY_UISupportedInterfaceOrientations_iPhone = "UIInterfaceOrientationPortrait UIInterfaceOrientationLandscapeLeft UIInterfaceOrientationLandscapeRight";
				LD_RUNPATH_SEARCH_PATHS = (
					"$(inherited)",
					"@executable_path/Frameworks",
				);
				MARKETING_VERSION = 1.0;
				PRODUCT_BUNDLE_IDENTIFIER = "iti.TODO-List-App";
				PRODUCT_NAME = "$(TARGET_NAME)";
				SWIFT_EMIT_LOC_STRINGS = YES;
				TARGETED_DEVICE_FAMILY = "1,2";
			};
			name = Debug;
		};
		4C4CB7112BCFB0E90043CD47 /* Release */ = {
			isa = XCBuildConfiguration;
			buildSettings = {
				ASSETCATALOG_COMPILER_APPICON_NAME = AppIcon;
				ASSETCATALOG_COMPILER_GLOBAL_ACCENT_COLOR_NAME = AccentColor;
				CODE_SIGN_STYLE = Automatic;
				CURRENT_PROJECT_VERSION = 1;
				DEVELOPMENT_TEAM = N449UXFHA8;
				GENERATE_INFOPLIST_FILE = YES;
				INFOPLIST_FILE = "TODO List App/Info.plist";
				INFOPLIST_KEY_UIApplicationSupportsIndirectInputEvents = YES;
				INFOPLIST_KEY_UILaunchStoryboardName = LaunchScreen;
				INFOPLIST_KEY_UIMainStoryboardFile = Main;
				INFOPLIST_KEY_UISupportedInterfaceOrientations_iPad = "UIInterfaceOrientationPortrait UIInterfaceOrientationPortraitUpsideDown UIInterfaceOrientationLandscapeLeft UIInterfaceOrientationLandscapeRight";
				INFOPLIST_KEY_UISupportedInterfaceOrientations_iPhone = "UIInterfaceOrientationPortrait UIInterfaceOrientationLandscapeLeft UIInterfaceOrientationLandscapeRight";
				LD_RUNPATH_SEARCH_PATHS = (
					"$(inherited)",
					"@executable_path/Frameworks",
				);
				MARKETING_VERSION = 1.0;
				PRODUCT_BUNDLE_IDENTIFIER = "iti.TODO-List-App";
				PRODUCT_NAME = "$(TARGET_NAME)";
				SWIFT_EMIT_LOC_STRINGS = YES;
				TARGETED_DEVICE_FAMILY = "1,2";
			};
			name = Release;
		};
/* End XCBuildConfiguration section */

/* Begin XCConfigurationList section */
		4C4CB6F12BCFB0E50043CD47 /* Build configuration list for PBXProject "TODO List App" */ = {
			isa = XCConfigurationList;
			buildConfigurations = (
				4C4CB70D2BCFB0E90043CD47 /* Debug */,
				4C4CB70E2BCFB0E90043CD47 /* Release */,
			);
			defaultConfigurationIsVisible = 0;
			defaultConfigurationName = Release;
		};
		4C4CB70F2BCFB0E90043CD47 /* Build configuration list for PBXNativeTarget "TODO List App" */ = {
			isa = XCConfigurationList;
			buildConfigurations = (
				4C4CB7102BCFB0E90043CD47 /* Debug */,
				4C4CB7112BCFB0E90043CD47 /* Release */,
			);
			defaultConfigurationIsVisible = 0;
			defaultConfigurationName = Release;
		};
/* End XCConfigurationList section */

/* Begin XCRemoteSwiftPackageReference section */
		4C84C9CC2BDB8CBC0089F155 /* XCRemoteSwiftPackageReference "FLAnimatedImage" */ = {
			isa = XCRemoteSwiftPackageReference;
			repositoryURL = "https://github.com/Flipboard/FLAnimatedImage";
			requirement = {
				kind = upToNextMajorVersion;
				minimumVersion = 1.0.17;
			};
		};
/* End XCRemoteSwiftPackageReference section */

/* Begin XCSwiftPackageProductDependency section */
		4C84C9CD2BDB8CBC0089F155 /* FLAnimatedImage */ = {
			isa = XCSwiftPackageProductDependency;
			package = 4C84C9CC2BDB8CBC0089F155 /* XCRemoteSwiftPackageReference "FLAnimatedImage" */;
			productName = FLAnimatedImage;
		};
/* End XCSwiftPackageProductDependency section */
	};
	rootObject = 4C4CB6EE2BCFB0E50043CD47 /* Project object */;
}
